
Microsoft Visual Studio Solution File, Format Version 12.00
# Visual Studio Version 16
VisualStudioVersion = 16.0.34902.97
MinimumVisualStudioVersion = 10.0.40219.1
Project("{D2ABAB84-BF74-430A-B69E-9DC6D40DDA17}") = "ProyectoG1Cubo", "ProyectoG1Cubo\ProyectoG1Cubo.dwproj", "{A8219783-F650-4919-AA39-5BDC41907745}"
EndProject
Global
	GlobalSection(SolutionConfigurationPlatforms) = preSolution
		Development|Default = Development|Default
	EndGlobalSection
	GlobalSection(ProjectConfigurationPlatforms) = postSolution
		{A8219783-F650-4919-AA39-5BDC41907745}.Development|Default.ActiveCfg = Development
		{A8219783-F650-4919-AA39-5BDC41907745}.Development|Default.Build.0 = Development
		{A8219783-F650-4919-AA39-5BDC41907745}.Development|Default.Deploy.0 = Development
	EndGlobalSection
	GlobalSection(SolutionProperties) = preSolution
		HideSolutionNode = FALSE
	EndGlobalSection
	GlobalSection(ExtensibilityGlobals) = postSolution
		SolutionGuid = {AEB22FFB-DA95-4AB7-B6F0-982668BD55C6}
	EndGlobalSection
EndGlobal
